
Microsoft Visual Studio Solution File, Format Version 12.00
# Visual Studio 14
VisualStudioVersion = 14.0.25123.0
MinimumVisualStudioVersion = 10.0.40219.1
Project("{2150E333-8FDC-42A3-9474-1A3956D46DE8}") = "Basic", "Basic", "{6D5856F0-C56E-4E1F-B2F5-6F7F3EE6E66E}"
EndProject
Project("{FAE04EC0-301F-11D3-BF4B-00C04F79EFBC}") = "Ex1", "Ex1\Ex1.csproj", "{245BEF4F-5BD1-4C1E-94CA-300B660F343F}"
EndProject
Project("{FAE04EC0-301F-11D3-BF4B-00C04F79EFBC}") = "Ex2", "Ex2\Ex2.csproj", "{FE6436F4-B4A0-440E-9301-69A709E1F200}"
EndProject
Project("{FAE04EC0-301F-11D3-BF4B-00C04F79EFBC}") = "Ex3", "Ex3\Ex3.csproj", "{7B00F99D-6AAB-4873-A1C3-639806BB6A7E}"
EndProject
Project("{FAE04EC0-301F-11D3-BF4B-00C04F79EFBC}") = "Ex4", "Ex4\Ex4.csproj", "{B3D307DF-9AA6-4E1C-A8E4-08C165E34936}"
EndProject
Project("{FAE04EC0-301F-11D3-BF4B-00C04F79EFBC}") = "Ex5", "Ex5\Ex5.csproj", "{00CF74EC-85BA-453F-BBE7-49C8E802E2FF}"
EndProject
Project("{FAE04EC0-301F-11D3-BF4B-00C04F79EFBC}") = "Ex6", "Ex6\Ex6.csproj", "{FCE7147B-8744-405B-9506-8423948F5673}"
EndProject
Project("{FAE04EC0-301F-11D3-BF4B-00C04F79EFBC}") = "Ex7", "Ex7\Ex7.csproj", "{A2186C0C-22DF-4A9F-8CE6-FC65028C216E}"
EndProject
Project("{FAE04EC0-301F-11D3-BF4B-00C04F79EFBC}") = "Ex8", "Ex8\Ex8.csproj", "{2518DD26-904E-419E-80C6-946CB54946AD}"
EndProject
Project("{FAE04EC0-301F-11D3-BF4B-00C04F79EFBC}") = "Ex9", "Ex9\Ex9.csproj", "{DE9403DE-406B-4113-BAD7-B4EC38319551}"
EndProject
Project("{FAE04EC0-301F-11D3-BF4B-00C04F79EFBC}") = "Ex10", "Ex10\Ex10.csproj", "{294F6A88-C54F-4584-844C-42C5C501717B}"
EndProject
Project("{FAE04EC0-301F-11D3-BF4B-00C04F79EFBC}") = "Ex12", "Ex12\Ex12.csproj", "{FCF0C19F-8E33-43BE-A250-4D44116C3672}"
EndProject
Project("{FAE04EC0-301F-11D3-BF4B-00C04F79EFBC}") = "Ex14", "Ex14\Ex14.csproj", "{3781A6FC-0303-42C7-B5BB-43160C591FC7}"
EndProject
Project("{2150E333-8FDC-42A3-9474-1A3956D46DE8}") = "DataTypes", "DataTypes", "{730556B6-384B-48A9-A44D-C656B8B74C0B}"
EndProject
Project("{FAE04EC0-301F-11D3-BF4B-00C04F79EFBC}") = "Dt1", "Dt1\Dt1.csproj", "{93B9514C-E0F8-48CA-897F-10880C969699}"
EndProject
Project("{FAE04EC0-301F-11D3-BF4B-00C04F79EFBC}") = "Dt2", "Dt2\Dt2.csproj", "{6DC3C493-6BAF-4C86-BAB5-B2323E73587E}"
EndProject
Project("{FAE04EC0-301F-11D3-BF4B-00C04F79EFBC}") = "Dt3", "Dt3\Dt3.csproj", "{5EE155C6-08D0-4DC2-B4F6-583C5C2B8B07}"
EndProject
Project("{FAE04EC0-301F-11D3-BF4B-00C04F79EFBC}") = "Dt4", "Dt4\Dt4.csproj", "{9DD67617-75E9-4CFE-9103-B4850AA8A9EB}"
EndProject
Project("{FAE04EC0-301F-11D3-BF4B-00C04F79EFBC}") = "Dt5", "Dt5\Dt5.csproj", "{5C311FBA-18F9-47AC-862F-75D19C712E43}"
EndProject
Project("{FAE04EC0-301F-11D3-BF4B-00C04F79EFBC}") = "Dt6", "Dt6\Dt6.csproj", "{C73476FD-CEBF-46EF-85F3-2113BD983319}"
EndProject
Project("{FAE04EC0-301F-11D3-BF4B-00C04F79EFBC}") = "Dt7", "Dt7\Dt7.csproj", "{68927917-A337-4827-8EE9-1C6030E1065F}"
EndProject
Project("{FAE04EC0-301F-11D3-BF4B-00C04F79EFBC}") = "Dt8", "Dt8\Dt8.csproj", "{B77423C7-51E8-4E10-AEDE-48789E20749E}"
EndProject
Project("{FAE04EC0-301F-11D3-BF4B-00C04F79EFBC}") = "Dt9", "Dt9\Dt9.csproj", "{102BE10A-E58F-4030-A9EF-2ECC1D6304F1}"
EndProject
Project("{FAE04EC0-301F-11D3-BF4B-00C04F79EFBC}") = "Dt10", "Dt10\Dt10.csproj", "{7F084BDE-5120-42F3-AD4B-910BE2F7DDA2}"
EndProject
Project("{FAE04EC0-301F-11D3-BF4B-00C04F79EFBC}") = "Dt11", "Dt11\Dt11.csproj", "{FB383D8A-978D-446B-8E18-9B19E5D74684}"
EndProject
Project("{2150E333-8FDC-42A3-9474-1A3956D46DE8}") = "Conditional", "Conditional", "{D3CFDC2E-FE3B-4623-8C04-6E1656AF7123}"
EndProject
Project("{FAE04EC0-301F-11D3-BF4B-00C04F79EFBC}") = "Con1", "Con1\Con1.csproj", "{98400606-1151-45A5-8341-0A5840956DE3}"
EndProject
Project("{FAE04EC0-301F-11D3-BF4B-00C04F79EFBC}") = "Con2", "Con2\Con2.csproj", "{D4A8F19A-1F5C-4F9A-A50E-84505749712F}"
EndProject
Project("{FAE04EC0-301F-11D3-BF4B-00C04F79EFBC}") = "Con3", "Con3\Con3.csproj", "{4556D924-E52C-4136-AD0D-D6B182EB7A22}"
EndProject
Project("{FAE04EC0-301F-11D3-BF4B-00C04F79EFBC}") = "Con4", "Con4\Con4.csproj", "{2323426B-EFF4-4824-A7FC-7B7FE8250E77}"
EndProject
Project("{FAE04EC0-301F-11D3-BF4B-00C04F79EFBC}") = "Con5", "Con5\Con5.csproj", "{3F62F00E-68A8-4330-A0BB-2BABCC607FEB}"
EndProject
Project("{FAE04EC0-301F-11D3-BF4B-00C04F79EFBC}") = "Con6", "Con6\Con6.csproj", "{FA2338FE-F1F7-48B4-BB36-70456619B48D}"
EndProject
Project("{FAE04EC0-301F-11D3-BF4B-00C04F79EFBC}") = "Con7", "Con7\Con7.csproj", "{B088EED9-0F9E-46B6-87B4-3EAD6EA9B8CD}"
EndProject
Project("{FAE04EC0-301F-11D3-BF4B-00C04F79EFBC}") = "Con8", "Con8\Con8.csproj", "{A6A8255E-73D4-4F85-AAA0-FAD94F59A4E2}"
EndProject
Project("{FAE04EC0-301F-11D3-BF4B-00C04F79EFBC}") = "Con9", "Con9\Con9.csproj", "{A110B75D-EE42-4E09-812D-351DDF7DD198}"
EndProject
Project("{FAE04EC0-301F-11D3-BF4B-00C04F79EFBC}") = "Con10", "Con10\Con10.csproj", "{577A713A-9512-4551-8039-FAA0852C837F}"
EndProject
Project("{FAE04EC0-301F-11D3-BF4B-00C04F79EFBC}") = "Con11", "Con11\Con11.csproj", "{6FDA9F4E-1B3F-4C58-8349-2E7D103D6F09}"
EndProject
Project("{FAE04EC0-301F-11D3-BF4B-00C04F79EFBC}") = "Con12", "Con12\Con12.csproj", "{8B11B0CF-46B7-4BBB-B2F2-1223A61BA940}"
EndProject
Project("{FAE04EC0-301F-11D3-BF4B-00C04F79EFBC}") = "Con13", "Con13\Con13.csproj", "{7DA68062-A201-4FBD-86DB-79787C24ABBC}"
EndProject
Project("{FAE04EC0-301F-11D3-BF4B-00C04F79EFBC}") = "Con14", "Con14\Con14.csproj", "{B9939342-4B12-4890-AE28-E3281EFB5EB9}"
EndProject
Project("{FAE04EC0-301F-11D3-BF4B-00C04F79EFBC}") = "Con15", "Con15\Con15.csproj", "{1501CF90-24A8-499F-8E12-48ED8EDBE88C}"
EndProject
Global
	GlobalSection(SolutionConfigurationPlatforms) = preSolution
		Debug|Any CPU = Debug|Any CPU
		Release|Any CPU = Release|Any CPU
	EndGlobalSection
	GlobalSection(ProjectConfigurationPlatforms) = postSolution
		{245BEF4F-5BD1-4C1E-94CA-300B660F343F}.Debug|Any CPU.ActiveCfg = Debug|Any CPU
		{245BEF4F-5BD1-4C1E-94CA-300B660F343F}.Debug|Any CPU.Build.0 = Debug|Any CPU
		{245BEF4F-5BD1-4C1E-94CA-300B660F343F}.Release|Any CPU.ActiveCfg = Release|Any CPU
		{245BEF4F-5BD1-4C1E-94CA-300B660F343F}.Release|Any CPU.Build.0 = Release|Any CPU
		{FE6436F4-B4A0-440E-9301-69A709E1F200}.Debug|Any CPU.ActiveCfg = Debug|Any CPU
		{FE6436F4-B4A0-440E-9301-69A709E1F200}.Debug|Any CPU.Build.0 = Debug|Any CPU
		{FE6436F4-B4A0-440E-9301-69A709E1F200}.Release|Any CPU.ActiveCfg = Release|Any CPU
		{FE6436F4-B4A0-440E-9301-69A709E1F200}.Release|Any CPU.Build.0 = Release|Any CPU
		{7B00F99D-6AAB-4873-A1C3-639806BB6A7E}.Debug|Any CPU.ActiveCfg = Debug|Any CPU
		{7B00F99D-6AAB-4873-A1C3-639806BB6A7E}.Debug|Any CPU.Build.0 = Debug|Any CPU
		{7B00F99D-6AAB-4873-A1C3-639806BB6A7E}.Release|Any CPU.ActiveCfg = Release|Any CPU
		{7B00F99D-6AAB-4873-A1C3-639806BB6A7E}.Release|Any CPU.Build.0 = Release|Any CPU
		{B3D307DF-9AA6-4E1C-A8E4-08C165E34936}.Debug|Any CPU.ActiveCfg = Debug|Any CPU
		{B3D307DF-9AA6-4E1C-A8E4-08C165E34936}.Debug|Any CPU.Build.0 = Debug|Any CPU
		{B3D307DF-9AA6-4E1C-A8E4-08C165E34936}.Release|Any CPU.ActiveCfg = Release|Any CPU
		{B3D307DF-9AA6-4E1C-A8E4-08C165E34936}.Release|Any CPU.Build.0 = Release|Any CPU
		{00CF74EC-85BA-453F-BBE7-49C8E802E2FF}.Debug|Any CPU.ActiveCfg = Debug|Any CPU
		{00CF74EC-85BA-453F-BBE7-49C8E802E2FF}.Debug|Any CPU.Build.0 = Debug|Any CPU
		{00CF74EC-85BA-453F-BBE7-49C8E802E2FF}.Release|Any CPU.ActiveCfg = Release|Any CPU
		{00CF74EC-85BA-453F-BBE7-49C8E802E2FF}.Release|Any CPU.Build.0 = Release|Any CPU
		{FCE7147B-8744-405B-9506-8423948F5673}.Debug|Any CPU.ActiveCfg = Debug|Any CPU
		{FCE7147B-8744-405B-9506-8423948F5673}.Debug|Any CPU.Build.0 = Debug|Any CPU
		{FCE7147B-8744-405B-9506-8423948F5673}.Release|Any CPU.ActiveCfg = Release|Any CPU
		{FCE7147B-8744-405B-9506-8423948F5673}.Release|Any CPU.Build.0 = Release|Any CPU
		{A2186C0C-22DF-4A9F-8CE6-FC65028C216E}.Debug|Any CPU.ActiveCfg = Debug|Any CPU
		{A2186C0C-22DF-4A9F-8CE6-FC65028C216E}.Debug|Any CPU.Build.0 = Debug|Any CPU
		{A2186C0C-22DF-4A9F-8CE6-FC65028C216E}.Release|Any CPU.ActiveCfg = Release|Any CPU
		{A2186C0C-22DF-4A9F-8CE6-FC65028C216E}.Release|Any CPU.Build.0 = Release|Any CPU
		{2518DD26-904E-419E-80C6-946CB54946AD}.Debug|Any CPU.ActiveCfg = Debug|Any CPU
		{2518DD26-904E-419E-80C6-946CB54946AD}.Debug|Any CPU.Build.0 = Debug|Any CPU
		{2518DD26-904E-419E-80C6-946CB54946AD}.Release|Any CPU.ActiveCfg = Release|Any CPU
		{2518DD26-904E-419E-80C6-946CB54946AD}.Release|Any CPU.Build.0 = Release|Any CPU
		{DE9403DE-406B-4113-BAD7-B4EC38319551}.Debug|Any CPU.ActiveCfg = Debug|Any CPU
		{DE9403DE-406B-4113-BAD7-B4EC38319551}.Debug|Any CPU.Build.0 = Debug|Any CPU
		{DE9403DE-406B-4113-BAD7-B4EC38319551}.Release|Any CPU.ActiveCfg = Release|Any CPU
		{DE9403DE-406B-4113-BAD7-B4EC38319551}.Release|Any CPU.Build.0 = Release|Any CPU
		{294F6A88-C54F-4584-844C-42C5C501717B}.Debug|Any CPU.ActiveCfg = Debug|Any CPU
		{294F6A88-C54F-4584-844C-42C5C501717B}.Debug|Any CPU.Build.0 = Debug|Any CPU
		{294F6A88-C54F-4584-844C-42C5C501717B}.Release|Any CPU.ActiveCfg = Release|Any CPU
		{294F6A88-C54F-4584-844C-42C5C501717B}.Release|Any CPU.Build.0 = Release|Any CPU
		{FCF0C19F-8E33-43BE-A250-4D44116C3672}.Debug|Any CPU.ActiveCfg = Debug|Any CPU
		{FCF0C19F-8E33-43BE-A250-4D44116C3672}.Debug|Any CPU.Build.0 = Debug|Any CPU
		{FCF0C19F-8E33-43BE-A250-4D44116C3672}.Release|Any CPU.ActiveCfg = Release|Any CPU
		{FCF0C19F-8E33-43BE-A250-4D44116C3672}.Release|Any CPU.Build.0 = Release|Any CPU
		{3781A6FC-0303-42C7-B5BB-43160C591FC7}.Debug|Any CPU.ActiveCfg = Debug|Any CPU
		{3781A6FC-0303-42C7-B5BB-43160C591FC7}.Debug|Any CPU.Build.0 = Debug|Any CPU
		{3781A6FC-0303-42C7-B5BB-43160C591FC7}.Release|Any CPU.ActiveCfg = Release|Any CPU
		{3781A6FC-0303-42C7-B5BB-43160C591FC7}.Release|Any CPU.Build.0 = Release|Any CPU
		{93B9514C-E0F8-48CA-897F-10880C969699}.Debug|Any CPU.ActiveCfg = Debug|Any CPU
		{93B9514C-E0F8-48CA-897F-10880C969699}.Debug|Any CPU.Build.0 = Debug|Any CPU
		{93B9514C-E0F8-48CA-897F-10880C969699}.Release|Any CPU.ActiveCfg = Release|Any CPU
		{93B9514C-E0F8-48CA-897F-10880C969699}.Release|Any CPU.Build.0 = Release|Any CPU
		{6DC3C493-6BAF-4C86-BAB5-B2323E73587E}.Debug|Any CPU.ActiveCfg = Debug|Any CPU
		{6DC3C493-6BAF-4C86-BAB5-B2323E73587E}.Debug|Any CPU.Build.0 = Debug|Any CPU
		{6DC3C493-6BAF-4C86-BAB5-B2323E73587E}.Release|Any CPU.ActiveCfg = Release|Any CPU
		{6DC3C493-6BAF-4C86-BAB5-B2323E73587E}.Release|Any CPU.Build.0 = Release|Any CPU
		{5EE155C6-08D0-4DC2-B4F6-583C5C2B8B07}.Debug|Any CPU.ActiveCfg = Debug|Any CPU
		{5EE155C6-08D0-4DC2-B4F6-583C5C2B8B07}.Debug|Any CPU.Build.0 = Debug|Any CPU
		{5EE155C6-08D0-4DC2-B4F6-583C5C2B8B07}.Release|Any CPU.ActiveCfg = Release|Any CPU
		{5EE155C6-08D0-4DC2-B4F6-583C5C2B8B07}.Release|Any CPU.Build.0 = Release|Any CPU
		{9DD67617-75E9-4CFE-9103-B4850AA8A9EB}.Debug|Any CPU.ActiveCfg = Debug|Any CPU
		{9DD67617-75E9-4CFE-9103-B4850AA8A9EB}.Debug|Any CPU.Build.0 = Debug|Any CPU
		{9DD67617-75E9-4CFE-9103-B4850AA8A9EB}.Release|Any CPU.ActiveCfg = Release|Any CPU
		{9DD67617-75E9-4CFE-9103-B4850AA8A9EB}.Release|Any CPU.Build.0 = Release|Any CPU
		{5C311FBA-18F9-47AC-862F-75D19C712E43}.Debug|Any CPU.ActiveCfg = Debug|Any CPU
		{5C311FBA-18F9-47AC-862F-75D19C712E43}.Debug|Any CPU.Build.0 = Debug|Any CPU
		{5C311FBA-18F9-47AC-862F-75D19C712E43}.Release|Any CPU.ActiveCfg = Release|Any CPU
		{5C311FBA-18F9-47AC-862F-75D19C712E43}.Release|Any CPU.Build.0 = Release|Any CPU
		{C73476FD-CEBF-46EF-85F3-2113BD983319}.Debug|Any CPU.ActiveCfg = Debug|Any CPU
		{C73476FD-CEBF-46EF-85F3-2113BD983319}.Debug|Any CPU.Build.0 = Debug|Any CPU
		{C73476FD-CEBF-46EF-85F3-2113BD983319}.Release|Any CPU.ActiveCfg = Release|Any CPU
		{C73476FD-CEBF-46EF-85F3-2113BD983319}.Release|Any CPU.Build.0 = Release|Any CPU
		{68927917-A337-4827-8EE9-1C6030E1065F}.Debug|Any CPU.ActiveCfg = Debug|Any CPU
		{68927917-A337-4827-8EE9-1C6030E1065F}.Debug|Any CPU.Build.0 = Debug|Any CPU
		{68927917-A337-4827-8EE9-1C6030E1065F}.Release|Any CPU.ActiveCfg = Release|Any CPU
		{68927917-A337-4827-8EE9-1C6030E1065F}.Release|Any CPU.Build.0 = Release|Any CPU
		{B77423C7-51E8-4E10-AEDE-48789E20749E}.Debug|Any CPU.ActiveCfg = Debug|Any CPU
		{B77423C7-51E8-4E10-AEDE-48789E20749E}.Debug|Any CPU.Build.0 = Debug|Any CPU
		{B77423C7-51E8-4E10-AEDE-48789E20749E}.Release|Any CPU.ActiveCfg = Release|Any CPU
		{B77423C7-51E8-4E10-AEDE-48789E20749E}.Release|Any CPU.Build.0 = Release|Any CPU
		{102BE10A-E58F-4030-A9EF-2ECC1D6304F1}.Debug|Any CPU.ActiveCfg = Debug|Any CPU
		{102BE10A-E58F-4030-A9EF-2ECC1D6304F1}.Debug|Any CPU.Build.0 = Debug|Any CPU
		{102BE10A-E58F-4030-A9EF-2ECC1D6304F1}.Release|Any CPU.ActiveCfg = Release|Any CPU
		{102BE10A-E58F-4030-A9EF-2ECC1D6304F1}.Release|Any CPU.Build.0 = Release|Any CPU
		{7F084BDE-5120-42F3-AD4B-910BE2F7DDA2}.Debug|Any CPU.ActiveCfg = Debug|Any CPU
		{7F084BDE-5120-42F3-AD4B-910BE2F7DDA2}.Debug|Any CPU.Build.0 = Debug|Any CPU
		{7F084BDE-5120-42F3-AD4B-910BE2F7DDA2}.Release|Any CPU.ActiveCfg = Release|Any CPU
		{7F084BDE-5120-42F3-AD4B-910BE2F7DDA2}.Release|Any CPU.Build.0 = Release|Any CPU
		{FB383D8A-978D-446B-8E18-9B19E5D74684}.Debug|Any CPU.ActiveCfg = Debug|Any CPU
		{FB383D8A-978D-446B-8E18-9B19E5D74684}.Debug|Any CPU.Build.0 = Debug|Any CPU
		{FB383D8A-978D-446B-8E18-9B19E5D74684}.Release|Any CPU.ActiveCfg = Release|Any CPU
		{FB383D8A-978D-446B-8E18-9B19E5D74684}.Release|Any CPU.Build.0 = Release|Any CPU
		{98400606-1151-45A5-8341-0A5840956DE3}.Debug|Any CPU.ActiveCfg = Debug|Any CPU
		{98400606-1151-45A5-8341-0A5840956DE3}.Debug|Any CPU.Build.0 = Debug|Any CPU
		{98400606-1151-45A5-8341-0A5840956DE3}.Release|Any CPU.ActiveCfg = Release|Any CPU
		{98400606-1151-45A5-8341-0A5840956DE3}.Release|Any CPU.Build.0 = Release|Any CPU
		{D4A8F19A-1F5C-4F9A-A50E-84505749712F}.Debug|Any CPU.ActiveCfg = Debug|Any CPU
		{D4A8F19A-1F5C-4F9A-A50E-84505749712F}.Debug|Any CPU.Build.0 = Debug|Any CPU
		{D4A8F19A-1F5C-4F9A-A50E-84505749712F}.Release|Any CPU.ActiveCfg = Release|Any CPU
		{D4A8F19A-1F5C-4F9A-A50E-84505749712F}.Release|Any CPU.Build.0 = Release|Any CPU
		{4556D924-E52C-4136-AD0D-D6B182EB7A22}.Debug|Any CPU.ActiveCfg = Debug|Any CPU
		{4556D924-E52C-4136-AD0D-D6B182EB7A22}.Debug|Any CPU.Build.0 = Debug|Any CPU
		{4556D924-E52C-4136-AD0D-D6B182EB7A22}.Release|Any CPU.ActiveCfg = Release|Any CPU
		{4556D924-E52C-4136-AD0D-D6B182EB7A22}.Release|Any CPU.Build.0 = Release|Any CPU
		{2323426B-EFF4-4824-A7FC-7B7FE8250E77}.Debug|Any CPU.ActiveCfg = Debug|Any CPU
		{2323426B-EFF4-4824-A7FC-7B7FE8250E77}.Debug|Any CPU.Build.0 = Debug|Any CPU
		{2323426B-EFF4-4824-A7FC-7B7FE8250E77}.Release|Any CPU.ActiveCfg = Release|Any CPU
		{2323426B-EFF4-4824-A7FC-7B7FE8250E77}.Release|Any CPU.Build.0 = Release|Any CPU
		{3F62F00E-68A8-4330-A0BB-2BABCC607FEB}.Debug|Any CPU.ActiveCfg = Debug|Any CPU
		{3F62F00E-68A8-4330-A0BB-2BABCC607FEB}.Debug|Any CPU.Build.0 = Debug|Any CPU
		{3F62F00E-68A8-4330-A0BB-2BABCC607FEB}.Release|Any CPU.ActiveCfg = Release|Any CPU
		{3F62F00E-68A8-4330-A0BB-2BABCC607FEB}.Release|Any CPU.Build.0 = Release|Any CPU
		{FA2338FE-F1F7-48B4-BB36-70456619B48D}.Debug|Any CPU.ActiveCfg = Debug|Any CPU
		{FA2338FE-F1F7-48B4-BB36-70456619B48D}.Debug|Any CPU.Build.0 = Debug|Any CPU
		{FA2338FE-F1F7-48B4-BB36-70456619B48D}.Release|Any CPU.ActiveCfg = Release|Any CPU
		{FA2338FE-F1F7-48B4-BB36-70456619B48D}.Release|Any CPU.Build.0 = Release|Any CPU
		{B088EED9-0F9E-46B6-87B4-3EAD6EA9B8CD}.Debug|Any CPU.ActiveCfg = Debug|Any CPU
		{B088EED9-0F9E-46B6-87B4-3EAD6EA9B8CD}.Debug|Any CPU.Build.0 = Debug|Any CPU
		{B088EED9-0F9E-46B6-87B4-3EAD6EA9B8CD}.Release|Any CPU.ActiveCfg = Release|Any CPU
		{B088EED9-0F9E-46B6-87B4-3EAD6EA9B8CD}.Release|Any CPU.Build.0 = Release|Any CPU
		{A6A8255E-73D4-4F85-AAA0-FAD94F59A4E2}.Debug|Any CPU.ActiveCfg = Debug|Any CPU
		{A6A8255E-73D4-4F85-AAA0-FAD94F59A4E2}.Debug|Any CPU.Build.0 = Debug|Any CPU
		{A6A8255E-73D4-4F85-AAA0-FAD94F59A4E2}.Release|Any CPU.ActiveCfg = Release|Any CPU
		{A6A8255E-73D4-4F85-AAA0-FAD94F59A4E2}.Release|Any CPU.Build.0 = Release|Any CPU
		{A110B75D-EE42-4E09-812D-351DDF7DD198}.Debug|Any CPU.ActiveCfg = Debug|Any CPU
		{A110B75D-EE42-4E09-812D-351DDF7DD198}.Debug|Any CPU.Build.0 = Debug|Any CPU
		{A110B75D-EE42-4E09-812D-351DDF7DD198}.Release|Any CPU.ActiveCfg = Release|Any CPU
		{A110B75D-EE42-4E09-812D-351DDF7DD198}.Release|Any CPU.Build.0 = Release|Any CPU
		{577A713A-9512-4551-8039-FAA0852C837F}.Debug|Any CPU.ActiveCfg = Debug|Any CPU
		{577A713A-9512-4551-8039-FAA0852C837F}.Debug|Any CPU.Build.0 = Debug|Any CPU
		{577A713A-9512-4551-8039-FAA0852C837F}.Release|Any CPU.ActiveCfg = Release|Any CPU
		{577A713A-9512-4551-8039-FAA0852C837F}.Release|Any CPU.Build.0 = Release|Any CPU
		{6FDA9F4E-1B3F-4C58-8349-2E7D103D6F09}.Debug|Any CPU.ActiveCfg = Debug|Any CPU
		{6FDA9F4E-1B3F-4C58-8349-2E7D103D6F09}.Debug|Any CPU.Build.0 = Debug|Any CPU
		{6FDA9F4E-1B3F-4C58-8349-2E7D103D6F09}.Release|Any CPU.ActiveCfg = Release|Any CPU
		{6FDA9F4E-1B3F-4C58-8349-2E7D103D6F09}.Release|Any CPU.Build.0 = Release|Any CPU
		{8B11B0CF-46B7-4BBB-B2F2-1223A61BA940}.Debug|Any CPU.ActiveCfg = Debug|Any CPU
		{8B11B0CF-46B7-4BBB-B2F2-1223A61BA940}.Debug|Any CPU.Build.0 = Debug|Any CPU
		{8B11B0CF-46B7-4BBB-B2F2-1223A61BA940}.Release|Any CPU.ActiveCfg = Release|Any CPU
		{8B11B0CF-46B7-4BBB-B2F2-1223A61BA940}.Release|Any CPU.Build.0 = Release|Any CPU
		{7DA68062-A201-4FBD-86DB-79787C24ABBC}.Debug|Any CPU.ActiveCfg = Debug|Any CPU
		{7DA68062-A201-4FBD-86DB-79787C24ABBC}.Debug|Any CPU.Build.0 = Debug|Any CPU
		{7DA68062-A201-4FBD-86DB-79787C24ABBC}.Release|Any CPU.ActiveCfg = Release|Any CPU
		{7DA68062-A201-4FBD-86DB-79787C24ABBC}.Release|Any CPU.Build.0 = Release|Any CPU
		{B9939342-4B12-4890-AE28-E3281EFB5EB9}.Debug|Any CPU.ActiveCfg = Debug|Any CPU
		{B9939342-4B12-4890-AE28-E3281EFB5EB9}.Debug|Any CPU.Build.0 = Debug|Any CPU
		{B9939342-4B12-4890-AE28-E3281EFB5EB9}.Release|Any CPU.ActiveCfg = Release|Any CPU
		{B9939342-4B12-4890-AE28-E3281EFB5EB9}.Release|Any CPU.Build.0 = Release|Any CPU
		{1501CF90-24A8-499F-8E12-48ED8EDBE88C}.Debug|Any CPU.ActiveCfg = Debug|Any CPU
		{1501CF90-24A8-499F-8E12-48ED8EDBE88C}.Debug|Any CPU.Build.0 = Debug|Any CPU
		{1501CF90-24A8-499F-8E12-48ED8EDBE88C}.Release|Any CPU.ActiveCfg = Release|Any CPU
		{1501CF90-24A8-499F-8E12-48ED8EDBE88C}.Release|Any CPU.Build.0 = Release|Any CPU
	EndGlobalSection
	GlobalSection(SolutionProperties) = preSolution
		HideSolutionNode = FALSE
	EndGlobalSection
	GlobalSection(NestedProjects) = preSolution
		{245BEF4F-5BD1-4C1E-94CA-300B660F343F} = {6D5856F0-C56E-4E1F-B2F5-6F7F3EE6E66E}
		{FE6436F4-B4A0-440E-9301-69A709E1F200} = {6D5856F0-C56E-4E1F-B2F5-6F7F3EE6E66E}
		{7B00F99D-6AAB-4873-A1C3-639806BB6A7E} = {6D5856F0-C56E-4E1F-B2F5-6F7F3EE6E66E}
		{B3D307DF-9AA6-4E1C-A8E4-08C165E34936} = {6D5856F0-C56E-4E1F-B2F5-6F7F3EE6E66E}
		{00CF74EC-85BA-453F-BBE7-49C8E802E2FF} = {6D5856F0-C56E-4E1F-B2F5-6F7F3EE6E66E}
		{FCE7147B-8744-405B-9506-8423948F5673} = {6D5856F0-C56E-4E1F-B2F5-6F7F3EE6E66E}
		{A2186C0C-22DF-4A9F-8CE6-FC65028C216E} = {6D5856F0-C56E-4E1F-B2F5-6F7F3EE6E66E}
		{2518DD26-904E-419E-80C6-946CB54946AD} = {6D5856F0-C56E-4E1F-B2F5-6F7F3EE6E66E}
		{DE9403DE-406B-4113-BAD7-B4EC38319551} = {6D5856F0-C56E-4E1F-B2F5-6F7F3EE6E66E}
		{294F6A88-C54F-4584-844C-42C5C501717B} = {6D5856F0-C56E-4E1F-B2F5-6F7F3EE6E66E}
		{FCF0C19F-8E33-43BE-A250-4D44116C3672} = {6D5856F0-C56E-4E1F-B2F5-6F7F3EE6E66E}
		{3781A6FC-0303-42C7-B5BB-43160C591FC7} = {6D5856F0-C56E-4E1F-B2F5-6F7F3EE6E66E}
		{93B9514C-E0F8-48CA-897F-10880C969699} = {730556B6-384B-48A9-A44D-C656B8B74C0B}
		{6DC3C493-6BAF-4C86-BAB5-B2323E73587E} = {730556B6-384B-48A9-A44D-C656B8B74C0B}
		{5EE155C6-08D0-4DC2-B4F6-583C5C2B8B07} = {730556B6-384B-48A9-A44D-C656B8B74C0B}
		{9DD67617-75E9-4CFE-9103-B4850AA8A9EB} = {730556B6-384B-48A9-A44D-C656B8B74C0B}
		{5C311FBA-18F9-47AC-862F-75D19C712E43} = {730556B6-384B-48A9-A44D-C656B8B74C0B}
		{C73476FD-CEBF-46EF-85F3-2113BD983319} = {730556B6-384B-48A9-A44D-C656B8B74C0B}
		{68927917-A337-4827-8EE9-1C6030E1065F} = {730556B6-384B-48A9-A44D-C656B8B74C0B}
		{B77423C7-51E8-4E10-AEDE-48789E20749E} = {730556B6-384B-48A9-A44D-C656B8B74C0B}
		{102BE10A-E58F-4030-A9EF-2ECC1D6304F1} = {730556B6-384B-48A9-A44D-C656B8B74C0B}
		{7F084BDE-5120-42F3-AD4B-910BE2F7DDA2} = {730556B6-384B-48A9-A44D-C656B8B74C0B}
		{FB383D8A-978D-446B-8E18-9B19E5D74684} = {730556B6-384B-48A9-A44D-C656B8B74C0B}
		{98400606-1151-45A5-8341-0A5840956DE3} = {D3CFDC2E-FE3B-4623-8C04-6E1656AF7123}
		{D4A8F19A-1F5C-4F9A-A50E-84505749712F} = {D3CFDC2E-FE3B-4623-8C04-6E1656AF7123}
		{4556D924-E52C-4136-AD0D-D6B182EB7A22} = {D3CFDC2E-FE3B-4623-8C04-6E1656AF7123}
		{2323426B-EFF4-4824-A7FC-7B7FE8250E77} = {D3CFDC2E-FE3B-4623-8C04-6E1656AF7123}
		{3F62F00E-68A8-4330-A0BB-2BABCC607FEB} = {D3CFDC2E-FE3B-4623-8C04-6E1656AF7123}
		{FA2338FE-F1F7-48B4-BB36-70456619B48D} = {D3CFDC2E-FE3B-4623-8C04-6E1656AF7123}
		{B088EED9-0F9E-46B6-87B4-3EAD6EA9B8CD} = {D3CFDC2E-FE3B-4623-8C04-6E1656AF7123}
		{A6A8255E-73D4-4F85-AAA0-FAD94F59A4E2} = {D3CFDC2E-FE3B-4623-8C04-6E1656AF7123}
		{A110B75D-EE42-4E09-812D-351DDF7DD198} = {D3CFDC2E-FE3B-4623-8C04-6E1656AF7123}
		{577A713A-9512-4551-8039-FAA0852C837F} = {D3CFDC2E-FE3B-4623-8C04-6E1656AF7123}
		{6FDA9F4E-1B3F-4C58-8349-2E7D103D6F09} = {D3CFDC2E-FE3B-4623-8C04-6E1656AF7123}
		{8B11B0CF-46B7-4BBB-B2F2-1223A61BA940} = {D3CFDC2E-FE3B-4623-8C04-6E1656AF7123}
		{7DA68062-A201-4FBD-86DB-79787C24ABBC} = {D3CFDC2E-FE3B-4623-8C04-6E1656AF7123}
		{B9939342-4B12-4890-AE28-E3281EFB5EB9} = {D3CFDC2E-FE3B-4623-8C04-6E1656AF7123}
		{1501CF90-24A8-499F-8E12-48ED8EDBE88C} = {D3CFDC2E-FE3B-4623-8C04-6E1656AF7123}
	EndGlobalSection
EndGlobal
